
Microsoft Visual Studio Solution File, Format Version 12.00
# Visual Studio Version 16
VisualStudioVersion = 16.0.30804.86
MinimumVisualStudioVersion = 15.0.26124.0
Project("{9A19103F-16F7-4668-BE54-9A1E7A4F7556}") = "Leap.Data", "Leap.Data\Leap.Data.csproj", "{76D4B542-0091-49AD-8C9F-1B301D9F5546}"
EndProject
Project("{9A19103F-16F7-4668-BE54-9A1E7A4F7556}") = "Leap.Data.Tests", "Leap.Data.Tests\Leap.Data.Tests.csproj", "{DF297597-93E1-474F-BD8B-B3CDE51D6B81}"
EndProject
Project("{9A19103F-16F7-4668-BE54-9A1E7A4F7556}") = "Leap.Data.SqlServer", "Leap.Data.SqlServer\Leap.Data.SqlServer.csproj", "{424BED90-0F5C-44AD-AE2D-CC2EB277633A}"
EndProject
Project("{FAE04EC0-301F-11D3-BF4B-00C04F79EFBC}") = "Leap.Data.MemoryCache", "Leap.Data.MemoryCache\Leap.Data.MemoryCache.csproj", "{E59651AC-455B-4E3D-A508-BE146123632E}"
EndProject
Global
	GlobalSection(SolutionConfigurationPlatforms) = preSolution
		Debug|Any CPU = Debug|Any CPU
		Debug|x64 = Debug|x64
		Debug|x86 = Debug|x86
		Release|Any CPU = Release|Any CPU
		Release|x64 = Release|x64
		Release|x86 = Release|x86
	EndGlobalSection
	GlobalSection(ProjectConfigurationPlatforms) = postSolution
		{76D4B542-0091-49AD-8C9F-1B301D9F5546}.Debug|Any CPU.ActiveCfg = Debug|Any CPU
		{76D4B542-0091-49AD-8C9F-1B301D9F5546}.Debug|Any CPU.Build.0 = Debug|Any CPU
		{76D4B542-0091-49AD-8C9F-1B301D9F5546}.Debug|x64.ActiveCfg = Debug|Any CPU
		{76D4B542-0091-49AD-8C9F-1B301D9F5546}.Debug|x64.Build.0 = Debug|Any CPU
		{76D4B542-0091-49AD-8C9F-1B301D9F5546}.Debug|x86.ActiveCfg = Debug|Any CPU
		{76D4B542-0091-49AD-8C9F-1B301D9F5546}.Debug|x86.Build.0 = Debug|Any CPU
		{76D4B542-0091-49AD-8C9F-1B301D9F5546}.Release|Any CPU.ActiveCfg = Release|Any CPU
		{76D4B542-0091-49AD-8C9F-1B301D9F5546}.Release|Any CPU.Build.0 = Release|Any CPU
		{76D4B542-0091-49AD-8C9F-1B301D9F5546}.Release|x64.ActiveCfg = Release|Any CPU
		{76D4B542-0091-49AD-8C9F-1B301D9F5546}.Release|x64.Build.0 = Release|Any CPU
		{76D4B542-0091-49AD-8C9F-1B301D9F5546}.Release|x86.ActiveCfg = Release|Any CPU
		{76D4B542-0091-49AD-8C9F-1B301D9F5546}.Release|x86.Build.0 = Release|Any CPU
		{DF297597-93E1-474F-BD8B-B3CDE51D6B81}.Debug|Any CPU.ActiveCfg = Debug|Any CPU
		{DF297597-93E1-474F-BD8B-B3CDE51D6B81}.Debug|Any CPU.Build.0 = Debug|Any CPU
		{DF297597-93E1-474F-BD8B-B3CDE51D6B81}.Debug|x64.ActiveCfg = Debug|Any CPU
		{DF297597-93E1-474F-BD8B-B3CDE51D6B81}.Debug|x64.Build.0 = Debug|Any CPU
		{DF297597-93E1-474F-BD8B-B3CDE51D6B81}.Debug|x86.ActiveCfg = Debug|Any CPU
		{DF297597-93E1-474F-BD8B-B3CDE51D6B81}.Debug|x86.Build.0 = Debug|Any CPU
		{DF297597-93E1-474F-BD8B-B3CDE51D6B81}.Release|Any CPU.ActiveCfg = Release|Any CPU
		{DF297597-93E1-474F-BD8B-B3CDE51D6B81}.Release|Any CPU.Build.0 = Release|Any CPU
		{DF297597-93E1-474F-BD8B-B3CDE51D6B81}.Release|x64.ActiveCfg = Release|Any CPU
		{DF297597-93E1-474F-BD8B-B3CDE51D6B81}.Release|x64.Build.0 = Release|Any CPU
		{DF297597-93E1-474F-BD8B-B3CDE51D6B81}.Release|x86.ActiveCfg = Release|Any CPU
		{DF297597-93E1-474F-BD8B-B3CDE51D6B81}.Release|x86.Build.0 = Release|Any CPU
		{424BED90-0F5C-44AD-AE2D-CC2EB277633A}.Debug|Any CPU.ActiveCfg = Debug|Any CPU
		{424BED90-0F5C-44AD-AE2D-CC2EB277633A}.Debug|Any CPU.Build.0 = Debug|Any CPU
		{424BED90-0F5C-44AD-AE2D-CC2EB277633A}.Debug|x64.ActiveCfg = Debug|Any CPU
		{424BED90-0F5C-44AD-AE2D-CC2EB277633A}.Debug|x64.Build.0 = Debug|Any CPU
		{424BED90-0F5C-44AD-AE2D-CC2EB277633A}.Debug|x86.ActiveCfg = Debug|Any CPU
		{424BED90-0F5C-44AD-AE2D-CC2EB277633A}.Debug|x86.Build.0 = Debug|Any CPU
		{424BED90-0F5C-44AD-AE2D-CC2EB277633A}.Release|Any CPU.ActiveCfg = Release|Any CPU
		{424BED90-0F5C-44AD-AE2D-CC2EB277633A}.Release|Any CPU.Build.0 = Release|Any CPU
		{424BED90-0F5C-44AD-AE2D-CC2EB277633A}.Release|x64.ActiveCfg = Release|Any CPU
		{424BED90-0F5C-44AD-AE2D-CC2EB277633A}.Release|x64.Build.0 = Release|Any CPU
		{424BED90-0F5C-44AD-AE2D-CC2EB277633A}.Release|x86.ActiveCfg = Release|Any CPU
		{424BED90-0F5C-44AD-AE2D-CC2EB277633A}.Release|x86.Build.0 = Release|Any CPU
		{E59651AC-455B-4E3D-A508-BE146123632E}.Debug|Any CPU.ActiveCfg = Debug|Any CPU
		{E59651AC-455B-4E3D-A508-BE146123632E}.Debug|Any CPU.Build.0 = Debug|Any CPU
		{E59651AC-455B-4E3D-A508-BE146123632E}.Debug|x64.ActiveCfg = Debug|Any CPU
		{E59651AC-455B-4E3D-A508-BE146123632E}.Debug|x64.Build.0 = Debug|Any CPU
		{E59651AC-455B-4E3D-A508-BE146123632E}.Debug|x86.ActiveCfg = Debug|Any CPU
		{E59651AC-455B-4E3D-A508-BE146123632E}.Debug|x86.Build.0 = Debug|Any CPU
		{E59651AC-455B-4E3D-A508-BE146123632E}.Release|Any CPU.ActiveCfg = Release|Any CPU
		{E59651AC-455B-4E3D-A508-BE146123632E}.Release|Any CPU.Build.0 = Release|Any CPU
		{E59651AC-455B-4E3D-A508-BE146123632E}.Release|x64.ActiveCfg = Release|Any CPU
		{E59651AC-455B-4E3D-A508-BE146123632E}.Release|x64.Build.0 = Release|Any CPU
		{E59651AC-455B-4E3D-A508-BE146123632E}.Release|x86.ActiveCfg = Release|Any CPU
		{E59651AC-455B-4E3D-A508-BE146123632E}.Release|x86.Build.0 = Release|Any CPU
	EndGlobalSection
	GlobalSection(SolutionProperties) = preSolution
		HideSolutionNode = FALSE
	EndGlobalSection
	GlobalSection(ExtensibilityGlobals) = postSolution
		SolutionGuid = {DAB658BC-B9D1-4982-A8CC-D10A651895D5}
	EndGlobalSection
EndGlobal
