
Microsoft Visual Studio Solution File, Format Version 12.00
# Visual Studio Version 17
VisualStudioVersion = 17.9.34728.123
MinimumVisualStudioVersion = 15.0.26124.0
Project("{9A19103F-16F7-4668-BE54-9A1E7A4F7556}") = "TildeSql", "TildeSql\TildeSql.csproj", "{76D4B542-0091-49AD-8C9F-1B301D9F5546}"
EndProject
Project("{9A19103F-16F7-4668-BE54-9A1E7A4F7556}") = "TildeSql.Tests", "TildeSql.Tests\TildeSql.Tests.csproj", "{DF297597-93E1-474F-BD8B-B3CDE51D6B81}"
EndProject
Project("{9A19103F-16F7-4668-BE54-9A1E7A4F7556}") = "TildeSql.SqlServer", "TildeSql.SqlServer\TildeSql.SqlServer.csproj", "{424BED90-0F5C-44AD-AE2D-CC2EB277633A}"
EndProject
Project("{2150E333-8FDC-42A3-9474-1A3956D46DE8}") = "Providers", "Providers", "{1E687A62-8649-46CC-B499-D0FF9F1542F7}"
EndProject
Project("{2150E333-8FDC-42A3-9474-1A3956D46DE8}") = "Caching", "Caching", "{E2111506-CDAA-42E9-9943-3FED4555B5D3}"
EndProject
Project("{2150E333-8FDC-42A3-9474-1A3956D46DE8}") = "Storage", "Storage", "{8AFCA94B-8CB0-4CAC-8A9E-C1B9E2991297}"
EndProject
Project("{9A19103F-16F7-4668-BE54-9A1E7A4F7556}") = "TildeSql.JsonNet", "TildeSql.JsonNet\TildeSql.JsonNet.csproj", "{5C0B9F94-CE87-4384-A3D7-D0EF981438E8}"
EndProject
Project("{2150E333-8FDC-42A3-9474-1A3956D46DE8}") = "Misc", "Misc", "{9184823F-88A6-45F4-A014-C5C780DA5F6D}"
EndProject
Project("{9A19103F-16F7-4668-BE54-9A1E7A4F7556}") = "TildeSql.Humanizer", "TildeSql.Humanizer\TildeSql.Humanizer.csproj", "{897E30DF-EDC0-4B8C-BA3E-484CFA13AB96}"
EndProject
Project("{2150E333-8FDC-42A3-9474-1A3956D46DE8}") = "Migrations", "Migrations", "{C1216B92-545C-4BEA-804C-864FF6C74ABE}"
EndProject
Project("{9A19103F-16F7-4668-BE54-9A1E7A4F7556}") = "TildeSql.SqlMigrations", "TildeSql.SqlMigrations\TildeSql.SqlMigrations.csproj", "{74A72B99-4294-4079-9B02-8CF3081B0B76}"
EndProject
Project("{2150E333-8FDC-42A3-9474-1A3956D46DE8}") = "Tests", "Tests", "{4FFD80BC-E42A-4FDB-9966-0385D3AD8431}"
EndProject
Project("{9A19103F-16F7-4668-BE54-9A1E7A4F7556}") = "TildeSql.Tests.SqlMigrations", "TildeSql.Tests.SqlMigrations\TildeSql.Tests.SqlMigrations.csproj", "{B480670F-D766-4C1B-B1EF-2D1362AB83B4}"
EndProject
Global
	GlobalSection(SolutionConfigurationPlatforms) = preSolution
		Debug|Any CPU = Debug|Any CPU
		Debug|x64 = Debug|x64
		Debug|x86 = Debug|x86
		Release|Any CPU = Release|Any CPU
		Release|x64 = Release|x64
		Release|x86 = Release|x86
	EndGlobalSection
	GlobalSection(ProjectConfigurationPlatforms) = postSolution
		{76D4B542-0091-49AD-8C9F-1B301D9F5546}.Debug|Any CPU.ActiveCfg = Debug|Any CPU
		{76D4B542-0091-49AD-8C9F-1B301D9F5546}.Debug|Any CPU.Build.0 = Debug|Any CPU
		{76D4B542-0091-49AD-8C9F-1B301D9F5546}.Debug|x64.ActiveCfg = Debug|Any CPU
		{76D4B542-0091-49AD-8C9F-1B301D9F5546}.Debug|x64.Build.0 = Debug|Any CPU
		{76D4B542-0091-49AD-8C9F-1B301D9F5546}.Debug|x86.ActiveCfg = Debug|Any CPU
		{76D4B542-0091-49AD-8C9F-1B301D9F5546}.Debug|x86.Build.0 = Debug|Any CPU
		{76D4B542-0091-49AD-8C9F-1B301D9F5546}.Release|Any CPU.ActiveCfg = Release|Any CPU
		{76D4B542-0091-49AD-8C9F-1B301D9F5546}.Release|Any CPU.Build.0 = Release|Any CPU
		{76D4B542-0091-49AD-8C9F-1B301D9F5546}.Release|x64.ActiveCfg = Release|Any CPU
		{76D4B542-0091-49AD-8C9F-1B301D9F5546}.Release|x64.Build.0 = Release|Any CPU
		{76D4B542-0091-49AD-8C9F-1B301D9F5546}.Release|x86.ActiveCfg = Release|Any CPU
		{76D4B542-0091-49AD-8C9F-1B301D9F5546}.Release|x86.Build.0 = Release|Any CPU
		{DF297597-93E1-474F-BD8B-B3CDE51D6B81}.Debug|Any CPU.ActiveCfg = Debug|Any CPU
		{DF297597-93E1-474F-BD8B-B3CDE51D6B81}.Debug|Any CPU.Build.0 = Debug|Any CPU
		{DF297597-93E1-474F-BD8B-B3CDE51D6B81}.Debug|x64.ActiveCfg = Debug|Any CPU
		{DF297597-93E1-474F-BD8B-B3CDE51D6B81}.Debug|x64.Build.0 = Debug|Any CPU
		{DF297597-93E1-474F-BD8B-B3CDE51D6B81}.Debug|x86.ActiveCfg = Debug|Any CPU
		{DF297597-93E1-474F-BD8B-B3CDE51D6B81}.Debug|x86.Build.0 = Debug|Any CPU
		{DF297597-93E1-474F-BD8B-B3CDE51D6B81}.Release|Any CPU.ActiveCfg = Release|Any CPU
		{DF297597-93E1-474F-BD8B-B3CDE51D6B81}.Release|Any CPU.Build.0 = Release|Any CPU
		{DF297597-93E1-474F-BD8B-B3CDE51D6B81}.Release|x64.ActiveCfg = Release|Any CPU
		{DF297597-93E1-474F-BD8B-B3CDE51D6B81}.Release|x64.Build.0 = Release|Any CPU
		{DF297597-93E1-474F-BD8B-B3CDE51D6B81}.Release|x86.ActiveCfg = Release|Any CPU
		{DF297597-93E1-474F-BD8B-B3CDE51D6B81}.Release|x86.Build.0 = Release|Any CPU
		{424BED90-0F5C-44AD-AE2D-CC2EB277633A}.Debug|Any CPU.ActiveCfg = Debug|Any CPU
		{424BED90-0F5C-44AD-AE2D-CC2EB277633A}.Debug|Any CPU.Build.0 = Debug|Any CPU
		{424BED90-0F5C-44AD-AE2D-CC2EB277633A}.Debug|x64.ActiveCfg = Debug|Any CPU
		{424BED90-0F5C-44AD-AE2D-CC2EB277633A}.Debug|x64.Build.0 = Debug|Any CPU
		{424BED90-0F5C-44AD-AE2D-CC2EB277633A}.Debug|x86.ActiveCfg = Debug|Any CPU
		{424BED90-0F5C-44AD-AE2D-CC2EB277633A}.Debug|x86.Build.0 = Debug|Any CPU
		{424BED90-0F5C-44AD-AE2D-CC2EB277633A}.Release|Any CPU.ActiveCfg = Release|Any CPU
		{424BED90-0F5C-44AD-AE2D-CC2EB277633A}.Release|Any CPU.Build.0 = Release|Any CPU
		{424BED90-0F5C-44AD-AE2D-CC2EB277633A}.Release|x64.ActiveCfg = Release|Any CPU
		{424BED90-0F5C-44AD-AE2D-CC2EB277633A}.Release|x64.Build.0 = Release|Any CPU
		{424BED90-0F5C-44AD-AE2D-CC2EB277633A}.Release|x86.ActiveCfg = Release|Any CPU
		{424BED90-0F5C-44AD-AE2D-CC2EB277633A}.Release|x86.Build.0 = Release|Any CPU
		{5C0B9F94-CE87-4384-A3D7-D0EF981438E8}.Debug|Any CPU.ActiveCfg = Debug|Any CPU
		{5C0B9F94-CE87-4384-A3D7-D0EF981438E8}.Debug|Any CPU.Build.0 = Debug|Any CPU
		{5C0B9F94-CE87-4384-A3D7-D0EF981438E8}.Debug|x64.ActiveCfg = Debug|Any CPU
		{5C0B9F94-CE87-4384-A3D7-D0EF981438E8}.Debug|x64.Build.0 = Debug|Any CPU
		{5C0B9F94-CE87-4384-A3D7-D0EF981438E8}.Debug|x86.ActiveCfg = Debug|Any CPU
		{5C0B9F94-CE87-4384-A3D7-D0EF981438E8}.Debug|x86.Build.0 = Debug|Any CPU
		{5C0B9F94-CE87-4384-A3D7-D0EF981438E8}.Release|Any CPU.ActiveCfg = Release|Any CPU
		{5C0B9F94-CE87-4384-A3D7-D0EF981438E8}.Release|Any CPU.Build.0 = Release|Any CPU
		{5C0B9F94-CE87-4384-A3D7-D0EF981438E8}.Release|x64.ActiveCfg = Release|Any CPU
		{5C0B9F94-CE87-4384-A3D7-D0EF981438E8}.Release|x64.Build.0 = Release|Any CPU
		{5C0B9F94-CE87-4384-A3D7-D0EF981438E8}.Release|x86.ActiveCfg = Release|Any CPU
		{5C0B9F94-CE87-4384-A3D7-D0EF981438E8}.Release|x86.Build.0 = Release|Any CPU
		{897E30DF-EDC0-4B8C-BA3E-484CFA13AB96}.Debug|Any CPU.ActiveCfg = Debug|Any CPU
		{897E30DF-EDC0-4B8C-BA3E-484CFA13AB96}.Debug|Any CPU.Build.0 = Debug|Any CPU
		{897E30DF-EDC0-4B8C-BA3E-484CFA13AB96}.Debug|x64.ActiveCfg = Debug|Any CPU
		{897E30DF-EDC0-4B8C-BA3E-484CFA13AB96}.Debug|x64.Build.0 = Debug|Any CPU
		{897E30DF-EDC0-4B8C-BA3E-484CFA13AB96}.Debug|x86.ActiveCfg = Debug|Any CPU
		{897E30DF-EDC0-4B8C-BA3E-484CFA13AB96}.Debug|x86.Build.0 = Debug|Any CPU
		{897E30DF-EDC0-4B8C-BA3E-484CFA13AB96}.Release|Any CPU.ActiveCfg = Release|Any CPU
		{897E30DF-EDC0-4B8C-BA3E-484CFA13AB96}.Release|Any CPU.Build.0 = Release|Any CPU
		{897E30DF-EDC0-4B8C-BA3E-484CFA13AB96}.Release|x64.ActiveCfg = Release|Any CPU
		{897E30DF-EDC0-4B8C-BA3E-484CFA13AB96}.Release|x64.Build.0 = Release|Any CPU
		{897E30DF-EDC0-4B8C-BA3E-484CFA13AB96}.Release|x86.ActiveCfg = Release|Any CPU
		{897E30DF-EDC0-4B8C-BA3E-484CFA13AB96}.Release|x86.Build.0 = Release|Any CPU
		{74A72B99-4294-4079-9B02-8CF3081B0B76}.Debug|Any CPU.ActiveCfg = Debug|Any CPU
		{74A72B99-4294-4079-9B02-8CF3081B0B76}.Debug|Any CPU.Build.0 = Debug|Any CPU
		{74A72B99-4294-4079-9B02-8CF3081B0B76}.Debug|x64.ActiveCfg = Debug|Any CPU
		{74A72B99-4294-4079-9B02-8CF3081B0B76}.Debug|x64.Build.0 = Debug|Any CPU
		{74A72B99-4294-4079-9B02-8CF3081B0B76}.Debug|x86.ActiveCfg = Debug|Any CPU
		{74A72B99-4294-4079-9B02-8CF3081B0B76}.Debug|x86.Build.0 = Debug|Any CPU
		{74A72B99-4294-4079-9B02-8CF3081B0B76}.Release|Any CPU.ActiveCfg = Release|Any CPU
		{74A72B99-4294-4079-9B02-8CF3081B0B76}.Release|Any CPU.Build.0 = Release|Any CPU
		{74A72B99-4294-4079-9B02-8CF3081B0B76}.Release|x64.ActiveCfg = Release|Any CPU
		{74A72B99-4294-4079-9B02-8CF3081B0B76}.Release|x64.Build.0 = Release|Any CPU
		{74A72B99-4294-4079-9B02-8CF3081B0B76}.Release|x86.ActiveCfg = Release|Any CPU
		{74A72B99-4294-4079-9B02-8CF3081B0B76}.Release|x86.Build.0 = Release|Any CPU
		{B480670F-D766-4C1B-B1EF-2D1362AB83B4}.Debug|Any CPU.ActiveCfg = Debug|Any CPU
		{B480670F-D766-4C1B-B1EF-2D1362AB83B4}.Debug|Any CPU.Build.0 = Debug|Any CPU
		{B480670F-D766-4C1B-B1EF-2D1362AB83B4}.Debug|x64.ActiveCfg = Debug|Any CPU
		{B480670F-D766-4C1B-B1EF-2D1362AB83B4}.Debug|x64.Build.0 = Debug|Any CPU
		{B480670F-D766-4C1B-B1EF-2D1362AB83B4}.Debug|x86.ActiveCfg = Debug|Any CPU
		{B480670F-D766-4C1B-B1EF-2D1362AB83B4}.Debug|x86.Build.0 = Debug|Any CPU
		{B480670F-D766-4C1B-B1EF-2D1362AB83B4}.Release|Any CPU.ActiveCfg = Release|Any CPU
		{B480670F-D766-4C1B-B1EF-2D1362AB83B4}.Release|Any CPU.Build.0 = Release|Any CPU
		{B480670F-D766-4C1B-B1EF-2D1362AB83B4}.Release|x64.ActiveCfg = Release|Any CPU
		{B480670F-D766-4C1B-B1EF-2D1362AB83B4}.Release|x64.Build.0 = Release|Any CPU
		{B480670F-D766-4C1B-B1EF-2D1362AB83B4}.Release|x86.ActiveCfg = Release|Any CPU
		{B480670F-D766-4C1B-B1EF-2D1362AB83B4}.Release|x86.Build.0 = Release|Any CPU
	EndGlobalSection
	GlobalSection(SolutionProperties) = preSolution
		HideSolutionNode = FALSE
	EndGlobalSection
	GlobalSection(NestedProjects) = preSolution
		{DF297597-93E1-474F-BD8B-B3CDE51D6B81} = {4FFD80BC-E42A-4FDB-9966-0385D3AD8431}
		{424BED90-0F5C-44AD-AE2D-CC2EB277633A} = {8AFCA94B-8CB0-4CAC-8A9E-C1B9E2991297}
		{E2111506-CDAA-42E9-9943-3FED4555B5D3} = {1E687A62-8649-46CC-B499-D0FF9F1542F7}
		{8AFCA94B-8CB0-4CAC-8A9E-C1B9E2991297} = {1E687A62-8649-46CC-B499-D0FF9F1542F7}
		{5C0B9F94-CE87-4384-A3D7-D0EF981438E8} = {9184823F-88A6-45F4-A014-C5C780DA5F6D}
		{9184823F-88A6-45F4-A014-C5C780DA5F6D} = {1E687A62-8649-46CC-B499-D0FF9F1542F7}
		{897E30DF-EDC0-4B8C-BA3E-484CFA13AB96} = {9184823F-88A6-45F4-A014-C5C780DA5F6D}
		{74A72B99-4294-4079-9B02-8CF3081B0B76} = {C1216B92-545C-4BEA-804C-864FF6C74ABE}
		{B480670F-D766-4C1B-B1EF-2D1362AB83B4} = {4FFD80BC-E42A-4FDB-9966-0385D3AD8431}
	EndGlobalSection
	GlobalSection(ExtensibilityGlobals) = postSolution
		SolutionGuid = {DAB658BC-B9D1-4982-A8CC-D10A651895D5}
	EndGlobalSection
EndGlobal
